
Microsoft Visual Studio Solution File, Format Version 12.00
# Visual Studio Version 16
VisualStudioVersion = 16.0.30011.22
MinimumVisualStudioVersion = 10.0.40219.1
Project("{FAE04EC0-301F-11D3-BF4B-00C04F79EFBC}") = "SaleOrderBooking", "SaleOrderBooking.csproj", "{7A02133F-DD5D-4729-99F6-6F0ABF7111C7}"
EndProject
Global
	GlobalSection(SolutionConfigurationPlatforms) = preSolution
		Debug|Any CPU = Debug|Any CPU
		Release|Any CPU = Release|Any CPU
	EndGlobalSection
	GlobalSection(ProjectConfigurationPlatforms) = postSolution
		{7A02133F-DD5D-4729-99F6-6F0ABF7111C7}.Debug|Any CPU.ActiveCfg = Debug|Any CPU
		{7A02133F-DD5D-4729-99F6-6F0ABF7111C7}.Debug|Any CPU.Build.0 = Debug|Any CPU
		{7A02133F-DD5D-4729-99F6-6F0ABF7111C7}.Release|Any CPU.ActiveCfg = Release|Any CPU
		{7A02133F-DD5D-4729-99F6-6F0ABF7111C7}.Release|Any CPU.Build.0 = Release|Any CPU
	EndGlobalSection
	GlobalSection(SolutionProperties) = preSolution
		HideSolutionNode = FALSE
	EndGlobalSection
	GlobalSection(ExtensibilityGlobals) = postSolution
		SolutionGuid = {E50DC5E8-6EDC-4575-BA61-AB0965A6ECF3}
	EndGlobalSection
EndGlobal
